// !$*UTF8*$!
{
	archiveVersion = 1;
	classes = {
	};
	objectVersion = 77;
	objects = {

/* Begin PBXContainerItemProxy section */
		F5D2128B2FCCF82000ABCFBC /* PBXContainerItemProxy */ = {
			isa = PBXContainerItemProxy;
			containerPortal = F5D212732FCCF81E00ABCFBC /* Project object */;
			proxyType = 1;
			remoteGlobalIDString = F5D2127A2FCCF81E00ABCFBC;
			remoteInfo = MacPakon;
		};
		F5D212952FCCF82000ABCFBC /* PBXContainerItemProxy */ = {
			isa = PBXContainerItemProxy;
			containerPortal = F5D212732FCCF81E00ABCFBC /* Project object */;
			proxyType = 1;
			remoteGlobalIDString = F5D2127A2FCCF81E00ABCFBC;
			remoteInfo = MacPakon;
		};
/* End PBXContainerItemProxy section */

/* Begin PBXFileReference section */
		F5D2127B2FCCF81E00ABCFBC /* MacPakon.app */ = {isa = PBXFileReference; explicitFileType = wrapper.application; includeInIndex = 0; path = MacPakon.app; sourceTree = BUILT_PRODUCTS_DIR; };
		F5D2128A2FCCF82000ABCFBC /* MacPakonTests.xctest */ = {isa = PBXFileReference; explicitFileType = wrapper.cfbundle; includeInIndex = 0; path = MacPakonTests.xctest; sourceTree = BUILT_PRODUCTS_DIR; };
		F5D212942FCCF82000ABCFBC /* MacPakonUITests.xctest */ = {isa = PBXFileReference; explicitFileType = wrapper.cfbundle; includeInIndex = 0; path = MacPakonUITests.xctest; sourceTree = BUILT_PRODUCTS_DIR; };
/* End PBXFileReference section */

/* Begin PBXFileSystemSynchronizedRootGroup section */
		F5D2127D2FCCF81E00ABCFBC /* MacPakon */ = {
			isa = PBXFileSystemSynchronizedRootGroup;
			path = MacPakon;
			sourceTree = "<group>";
		};
		F5D2128D2FCCF82000ABCFBC /* MacPakonTests */ = {
			isa = PBXFileSystemSynchronizedRootGroup;
			path = MacPakonTests;
			sourceTree = "<group>";
		};
		F5D212972FCCF82000ABCFBC /* MacPakonUITests */ = {
			isa = PBXFileSystemSynchronizedRootGroup;
			path = MacPakonUITests;
			sourceTree = "<group>";
		};
/* End PBXFileSystemSynchronizedRootGroup section */

/* Begin PBXFrameworksBuildPhase section */
		F5D212782FCCF81E00ABCFBC /* Frameworks */ = {
			isa = PBXFrameworksBuildPhase;
			buildActionMask = 2147483647;
			files = (
			);
			runOnlyForDeploymentPostprocessing = 0;
		};
		F5D212872FCCF82000ABCFBC /* Frameworks */ = {
			isa = PBXFrameworksBuildPhase;
			buildActionMask = 2147483647;
			files = (
			);
			runOnlyForDeploymentPostprocessing = 0;
		};
		F5D212912FCCF82000ABCFBC /* Frameworks */ = {
			isa = PBXFrameworksBuildPhase;
			buildActionMask = 2147483647;
			files = (
			);
			runOnlyForDeploymentPostprocessing = 0;
		};
/* End PBXFrameworksBuildPhase section */

/* Begin PBXGroup section */
		F5D212722FCCF81E00ABCFBC = {
			isa = PBXGroup;
			children = (
				F5D2127D2FCCF81E00ABCFBC /* MacPakon */,
				F5D2128D2FCCF82000ABCFBC /* MacPakonTests */,
				F5D212972FCCF82000ABCFBC /* MacPakonUITests */,
				F5D2127C2FCCF81E00ABCFBC /* Products */,
			);
			sourceTree = "<group>";
		};
		F5D2127C2FCCF81E00ABCFBC /* Products */ = {
			isa = PBXGroup;
			children = (
				F5D2127B2FCCF81E00ABCFBC /* MacPakon.app */,
				F5D2128A2FCCF82000ABCFBC /* MacPakonTests.xctest */,
				F5D212942FCCF82000ABCFBC /* MacPakonUITests.xctest */,
			);
			name = Products;
			sourceTree = "<group>";
		};
/* End PBXGroup section */

/* Begin PBXNativeTarget section */
		F5D2127A2FCCF81E00ABCFBC /* MacPakon */ = {
			isa = PBXNativeTarget;
			buildConfigurationList = F5D2129E2FCCF82000ABCFBC /* Build configuration list for PBXNativeTarget "MacPakon" */;
			buildPhases = (
				F5D212772FCCF81E00ABCFBC /* Sources */,
				F5D212782FCCF81E00ABCFBC /* Frameworks */,
				F5D212792FCCF81E00ABCFBC /* Resources */,
			);
			buildRules = (
			);
			dependencies = (
			);
			fileSystemSynchronizedGroups = (
				F5D2127D2FCCF81E00ABCFBC /* MacPakon */,
			);
			name = MacPakon;
			packageProductDependencies = (
			);
			productName = MacPakon;
			productReference = F5D2127B2FCCF81E00ABCFBC /* MacPakon.app */;
			productType = "com.apple.product-type.application";
		};
		F5D212892FCCF82000ABCFBC /* MacPakonTests */ = {
			isa = PBXNativeTarget;
			buildConfigurationList = F5D212A12FCCF82000ABCFBC /* Build configuration list for PBXNativeTarget "MacPakonTests" */;
			buildPhases = (
				F5D212862FCCF82000ABCFBC /* Sources */,
				F5D212872FCCF82000ABCFBC /* Frameworks */,
				F5D212882FCCF82000ABCFBC /* Resources */,
			);
			buildRules = (
			);
			dependencies = (
				F5D2128C2FCCF82000ABCFBC /* PBXTargetDependency */,
			);
			fileSystemSynchronizedGroups = (
				F5D2128D2FCCF82000ABCFBC /* MacPakonTests */,
			);
			name = MacPakonTests;
			packageProductDependencies = (
			);
			productName = MacPakonTests;
			productReference = F5D2128A2FCCF82000ABCFBC /* MacPakonTests.xctest */;
			productType = "com.apple.product-type.bundle.unit-test";
		};
		F5D212932FCCF82000ABCFBC /* MacPakonUITests */ = {
			isa = PBXNativeTarget;
			buildConfigurationList = F5D212A42FCCF82000ABCFBC /* Build configuration list for PBXNativeTarget "MacPakonUITests" */;
			buildPhases = (
				F5D212902FCCF82000ABCFBC /* Sources */,
				F5D212912FCCF82000ABCFBC /* Frameworks */,
				F5D212922FCCF82000ABCFBC /* Resources */,
			);
			buildRules = (
			);
			dependencies = (
				F5D212962FCCF82000ABCFBC /* PBXTargetDependency */,
			);
			fileSystemSynchronizedGroups = (
				F5D212972FCCF82000ABCFBC /* MacPakonUITests */,
			);
			name = MacPakonUITests;
			packageProductDependencies = (
			);
			productName = MacPakonUITests;
			productReference = F5D212942FCCF82000ABCFBC /* MacPakonUITests.xctest */;
			productType = "com.apple.product-type.bundle.ui-testing";
		};
/* End PBXNativeTarget section */

/* Begin PBXProject section */
		F5D212732FCCF81E00ABCFBC /* Project object */ = {
			isa = PBXProject;
			attributes = {
				BuildIndependentTargetsInParallel = 1;
				LastSwiftUpdateCheck = 2640;
				LastUpgradeCheck = 2640;
				TargetAttributes = {
					F5D2127A2FCCF81E00ABCFBC = {
						CreatedOnToolsVersion = 26.4.1;
					};
					F5D212892FCCF82000ABCFBC = {
						CreatedOnToolsVersion = 26.4.1;
						TestTargetID = F5D2127A2FCCF81E00ABCFBC;
					};
					F5D212932FCCF82000ABCFBC = {
						CreatedOnToolsVersion = 26.4.1;
						TestTargetID = F5D2127A2FCCF81E00ABCFBC;
					};
				};
			};
			buildConfigurationList = F5D212762FCCF81E00ABCFBC /* Build configuration list for PBXProject "MacPakon" */;
			developmentRegion = en;
			hasScannedForEncodings = 0;
			knownRegions = (
				en,
				Base,
			);
			mainGroup = F5D212722FCCF81E00ABCFBC;
			minimizedProjectReferenceProxies = 1;
			preferredProjectObjectVersion = 77;
			productRefGroup = F5D2127C2FCCF81E00ABCFBC /* Products */;
			projectDirPath = "";
			projectRoot = "";
			targets = (
				F5D2127A2FCCF81E00ABCFBC /* MacPakon */,
				F5D212892FCCF82000ABCFBC /* MacPakonTests */,
				F5D212932FCCF82000ABCFBC /* MacPakonUITests */,
			);
		};
/* End PBXProject section */

/* Begin PBXResourcesBuildPhase section */
		F5D212792FCCF81E00ABCFBC /* Resources */ = {
			isa = PBXResourcesBuildPhase;
			buildActionMask = 2147483647;
			files = (
			);
			runOnlyForDeploymentPostprocessing = 0;
		};
		F5D212882FCCF82000ABCFBC /* Resources */ = {
			isa = PBXResourcesBuildPhase;
			buildActionMask = 2147483647;
			files = (
			);
			runOnlyForDeploymentPostprocessing = 0;
		};
		F5D212922FCCF82000ABCFBC /* Resources */ = {
			isa = PBXResourcesBuildPhase;
			buildActionMask = 2147483647;
			files = (
			);
			runOnlyForDeploymentPostprocessing = 0;
		};
/* End PBXResourcesBuildPhase section */

/* Begin PBXSourcesBuildPhase section */
		F5D212772FCCF81E00ABCFBC /* Sources */ = {
			isa = PBXSourcesBuildPhase;
			buildActionMask = 2147483647;
			files = (
			);
			runOnlyForDeploymentPostprocessing = 0;
		};
		F5D212862FCCF82000ABCFBC /* Sources */ = {
			isa = PBXSourcesBuildPhase;
			buildActionMask = 2147483647;
			files = (
			);
			runOnlyForDeploymentPostprocessing = 0;
		};
		F5D212902FCCF82000ABCFBC /* Sources */ = {
			isa = PBXSourcesBuildPhase;
			buildActionMask = 2147483647;
			files = (
			);
			runOnlyForDeploymentPostprocessing = 0;
		};
/* End PBXSourcesBuildPhase section */

/* Begin PBXTargetDependency section */
		F5D2128C2FCCF82000ABCFBC /* PBXTargetDependency */ = {
			isa = PBXTargetDependency;
			target = F5D2127A2FCCF81E00ABCFBC /* MacPakon */;
			targetProxy = F5D2128B2FCCF82000ABCFBC /* PBXContainerItemProxy */;
		};
		F5D212962FCCF82000ABCFBC /* PBXTargetDependency */ = {
			isa = PBXTargetDependency;
			target = F5D2127A2FCCF81E00ABCFBC /* MacPakon */;
			targetProxy = F5D212952FCCF82000ABCFBC /* PBXContainerItemProxy */;
		};
/* End PBXTargetDependency section */

/* Begin XCBuildConfiguration section */
		F5D2129C2FCCF82000ABCFBC /* Debug */ = {
			isa = XCBuildConfiguration;
			buildSettings = {
				ALWAYS_SEARCH_USER_PATHS = NO;
				ASSETCATALOG_COMPILER_GENERATE_SWIFT_ASSET_SYMBOL_EXTENSIONS = YES;
				CLANG_ANALYZER_NONNULL = YES;
				CLANG_ANALYZER_NUMBER_OBJECT_CONVERSION = YES_AGGRESSIVE;
				CLANG_CXX_LANGUAGE_STANDARD = "gnu++20";
				CLANG_ENABLE_MODULES = YES;
				CLANG_ENABLE_OBJC_ARC = YES;
				CLANG_ENABLE_OBJC_WEAK = YES;
				CLANG_WARN_BLOCK_CAPTURE_AUTORELEASING = YES;
				CLANG_WARN_BOOL_CONVERSION = YES;
				CLANG_WARN_COMMA = YES;
				CLANG_WARN_CONSTANT_CONVERSION = YES;
				CLANG_WARN_DEPRECATED_OBJC_IMPLEMENTATIONS = YES;
				CLANG_WARN_DIRECT_OBJC_ISA_USAGE = YES_ERROR;
				CLANG_WARN_DOCUMENTATION_COMMENTS = YES;
				CLANG_WARN_EMPTY_BODY = YES;
				CLANG_WARN_ENUM_CONVERSION = YES;
				CLANG_WARN_INFINITE_RECURSION = YES;
				CLANG_WARN_INT_CONVERSION = YES;
				CLANG_WARN_NON_LITERAL_NULL_CONVERSION = YES;
				CLANG_WARN_OBJC_IMPLICIT_RETAIN_SELF = YES;
				CLANG_WARN_OBJC_LITERAL_CONVERSION = YES;
				CLANG_WARN_OBJC_ROOT_CLASS = YES_ERROR;
				CLANG_WARN_QUOTED_INCLUDE_IN_FRAMEWORK_HEADER = YES;
				CLANG_WARN_RANGE_LOOP_ANALYSIS = YES;
				CLANG_WARN_STRICT_PROTOTYPES = YES;
				CLANG_WARN_SUSPICIOUS_MOVE = YES;
				CLANG_WARN_UNGUARDED_AVAILABILITY = YES_AGGRESSIVE;
				CLANG_WARN_UNREACHABLE_CODE = YES;
				CLANG_WARN__DUPLICATE_METHOD_MATCH = YES;
				COPY_PHASE_STRIP = NO;
				DEBUG_INFORMATION_FORMAT = dwarf;
				DEVELOPMENT_TEAM = 3CC86CBQE6;
				ENABLE_STRICT_OBJC_MSGSEND = YES;
				ENABLE_TESTABILITY = YES;
				ENABLE_USER_SCRIPT_SANDBOXING = YES;
				GCC_C_LANGUAGE_STANDARD = gnu17;
				GCC_DYNAMIC_NO_PIC = NO;
				GCC_NO_COMMON_BLOCKS = YES;
				GCC_OPTIMIZATION_LEVEL = 0;
				GCC_PREPROCESSOR_DEFINITIONS = (
					"DEBUG=1",
					"$(inherited)",
				);
				GCC_WARN_64_TO_32_BIT_CONVERSION = YES;
				GCC_WARN_ABOUT_RETURN_TYPE = YES_ERROR;
				GCC_WARN_UNDECLARED_SELECTOR = YES;
				GCC_WARN_UNINITIALIZED_AUTOS = YES_AGGRESSIVE;
				GCC_WARN_UNUSED_FUNCTION = YES;
				GCC_WARN_UNUSED_VARIABLE = YES;
				LOCALIZATION_PREFERS_STRING_CATALOGS = YES;
				MACOSX_DEPLOYMENT_TARGET = 26.4;
				MTL_ENABLE_DEBUG_INFO = INCLUDE_SOURCE;
				MTL_FAST_MATH = YES;
				ONLY_ACTIVE_ARCH = YES;
				SDKROOT = macosx;
				SWIFT_ACTIVE_COMPILATION_CONDITIONS = "DEBUG $(inherited)";
				SWIFT_OPTIMIZATION_LEVEL = "-Onone";
			};
			name = Debug;
		};
		F5D2129D2FCCF82000ABCFBC /* Release */ = {
			isa = XCBuildConfiguration;
			buildSettings = {
				ALWAYS_SEARCH_USER_PATHS = NO;
				ASSETCATALOG_COMPILER_GENERATE_SWIFT_ASSET_SYMBOL_EXTENSIONS = YES;
				CLANG_ANALYZER_NONNULL = YES;
				CLANG_ANALYZER_NUMBER_OBJECT_CONVERSION = YES_AGGRESSIVE;
				CLANG_CXX_LANGUAGE_STANDARD = "gnu++20";
				CLANG_ENABLE_MODULES = YES;
				CLANG_ENABLE_OBJC_ARC = YES;
				CLANG_ENABLE_OBJC_WEAK = YES;
				CLANG_WARN_BLOCK_CAPTURE_AUTORELEASING = YES;
				CLANG_WARN_BOOL_CONVERSION = YES;
				CLANG_WARN_COMMA = YES;
				CLANG_WARN_CONSTANT_CONVERSION = YES;
				CLANG_WARN_DEPRECATED_OBJC_IMPLEMENTATIONS = YES;
				CLANG_WARN_DIRECT_OBJC_ISA_USAGE = YES_ERROR;
				CLANG_WARN_DOCUMENTATION_COMMENTS = YES;
				CLANG_WARN_EMPTY_BODY = YES;
				CLANG_WARN_ENUM_CONVERSION = YES;
				CLANG_WARN_INFINITE_RECURSION = YES;
				CLANG_WARN_INT_CONVERSION = YES;
				CLANG_WARN_NON_LITERAL_NULL_CONVERSION = YES;
				CLANG_WARN_OBJC_IMPLICIT_RETAIN_SELF = YES;
				CLANG_WARN_OBJC_LITERAL_CONVERSION = YES;
				CLANG_WARN_OBJC_ROOT_CLASS = YES_ERROR;
				CLANG_WARN_QUOTED_INCLUDE_IN_FRAMEWORK_HEADER = YES;
				CLANG_WARN_RANGE_LOOP_ANALYSIS = YES;
				CLANG_WARN_STRICT_PROTOTYPES = YES;
				CLANG_WARN_SUSPICIOUS_MOVE = YES;
				CLANG_WARN_UNGUARDED_AVAILABILITY = YES_AGGRESSIVE;
				CLANG_WARN_UNREACHABLE_CODE = YES;
				CLANG_WARN__DUPLICATE_METHOD_MATCH = YES;
				COPY_PHASE_STRIP = NO;
				DEBUG_INFORMATION_FORMAT = "dwarf-with-dsym";
				DEVELOPMENT_TEAM = 3CC86CBQE6;
				ENABLE_NS_ASSERTIONS = NO;
				ENABLE_STRICT_OBJC_MSGSEND = YES;
				ENABLE_USER_SCRIPT_SANDBOXING = YES;
				GCC_C_LANGUAGE_STANDARD = gnu17;
				GCC_NO_COMMON_BLOCKS = YES;
				GCC_WARN_64_TO_32_BIT_CONVERSION = YES;
				GCC_WARN_ABOUT_RETURN_TYPE = YES_ERROR;
				GCC_WARN_UNDECLARED_SELECTOR = YES;
				GCC_WARN_UNINITIALIZED_AUTOS = YES_AGGRESSIVE;
				GCC_WARN_UNUSED_FUNCTION = YES;
				GCC_WARN_UNUSED_VARIABLE = YES;
				LOCALIZATION_PREFERS_STRING_CATALOGS = YES;
				MACOSX_DEPLOYMENT_TARGET = 26.4;
				MTL_ENABLE_DEBUG_INFO = NO;
				MTL_FAST_MATH = YES;
				SDKROOT = macosx;
				SWIFT_COMPILATION_MODE = wholemodule;
			};
			name = Release;
		};
		F5D2129F2FCCF82000ABCFBC /* Debug */ = {
			isa = XCBuildConfiguration;
			buildSettings = {
				ASSETCATALOG_COMPILER_APPICON_NAME = AppIcon;
				ASSETCATALOG_COMPILER_GLOBAL_ACCENT_COLOR_NAME = AccentColor;
				CODE_SIGN_STYLE = Automatic;
				COMBINE_HIDPI_IMAGES = YES;
				CURRENT_PROJECT_VERSION = 1;
				DEVELOPMENT_TEAM = 3CC86CBQE6;
				ENABLE_APP_SANDBOX = NO;
				ENABLE_HARDENED_RUNTIME = YES;
				ENABLE_PREVIEWS = YES;
				GENERATE_INFOPLIST_FILE = YES;
				INFOPLIST_KEY_NSHumanReadableCopyright = "";
				LD_RUNPATH_SEARCH_PATHS = (
					"$(inherited)",
					"@executable_path/../Frameworks",
				);
				MARKETING_VERSION = 1.0;
				OTHER_LDFLAGS = (
					"-framework",
					IOUSBHost,
					"-framework",
					IOKit,
				);
				PRODUCT_BUNDLE_IDENTIFIER = sh.jor.MacPakon;
				PRODUCT_NAME = "$(TARGET_NAME)";
				REGISTER_APP_GROUPS = YES;
				STRING_CATALOG_GENERATE_SYMBOLS = YES;
				SWIFT_EMIT_LOC_STRINGS = YES;
				SWIFT_OBJC_BRIDGING_HEADER = "MacPakon/MacPakon-Bridging-Header.h";
				SWIFT_UPCOMING_FEATURE_MEMBER_IMPORT_VISIBILITY = YES;
				SWIFT_VERSION = 5.0;
			};
			name = Debug;
		};
		F5D212A02FCCF82000ABCFBC /* Release */ = {
			isa = XCBuildConfiguration;
			buildSettings = {
				ASSETCATALOG_COMPILER_APPICON_NAME = AppIcon;
				ASSETCATALOG_COMPILER_GLOBAL_ACCENT_COLOR_NAME = AccentColor;
				CODE_SIGN_STYLE = Automatic;
				COMBINE_HIDPI_IMAGES = YES;
				CURRENT_PROJECT_VERSION = 1;
				DEVELOPMENT_TEAM = 3CC86CBQE6;
				ENABLE_APP_SANDBOX = NO;
				ENABLE_HARDENED_RUNTIME = YES;
				ENABLE_PREVIEWS = YES;
				GENERATE_INFOPLIST_FILE = YES;
				INFOPLIST_KEY_NSHumanReadableCopyright = "";
				LD_RUNPATH_SEARCH_PATHS = (
					"$(inherited)",
					"@executable_path/../Frameworks",
				);
				MARKETING_VERSION = 1.0;
				OTHER_LDFLAGS = (
					"-framework",
					IOUSBHost,
					"-framework",
					IOKit,
				);
				PRODUCT_BUNDLE_IDENTIFIER = sh.jor.MacPakon;
				PRODUCT_NAME = "$(TARGET_NAME)";
				REGISTER_APP_GROUPS = YES;
				STRING_CATALOG_GENERATE_SYMBOLS = YES;
				SWIFT_EMIT_LOC_STRINGS = YES;
				SWIFT_OBJC_BRIDGING_HEADER = "MacPakon/MacPakon-Bridging-Header.h";
				SWIFT_UPCOMING_FEATURE_MEMBER_IMPORT_VISIBILITY = YES;
				SWIFT_VERSION = 5.0;
			};
			name = Release;
		};
		F5D212A22FCCF82000ABCFBC /* Debug */ = {
			isa = XCBuildConfiguration;
			buildSettings = {
				BUNDLE_LOADER = "$(TEST_HOST)";
				CODE_SIGN_STYLE = Automatic;
				CURRENT_PROJECT_VERSION = 1;
				DEVELOPMENT_TEAM = 3CC86CBQE6;
				GENERATE_INFOPLIST_FILE = YES;
				MACOSX_DEPLOYMENT_TARGET = 26.4;
				MARKETING_VERSION = 1.0;
				PRODUCT_BUNDLE_IDENTIFIER = sh.jor.MacPakonTests;
				PRODUCT_NAME = "$(TARGET_NAME)";
				STRING_CATALOG_GENERATE_SYMBOLS = NO;
				SWIFT_APPROACHABLE_CONCURRENCY = YES;
				SWIFT_EMIT_LOC_STRINGS = NO;
				SWIFT_UPCOMING_FEATURE_MEMBER_IMPORT_VISIBILITY = YES;
				SWIFT_VERSION = 5.0;
				TEST_HOST = "$(BUILT_PRODUCTS_DIR)/MacPakon.app/$(BUNDLE_EXECUTABLE_FOLDER_PATH)/MacPakon";
			};
			name = Debug;
		};
		F5D212A32FCCF82000ABCFBC /* Release */ = {
			isa = XCBuildConfiguration;
			buildSettings = {
				BUNDLE_LOADER = "$(TEST_HOST)";
				CODE_SIGN_STYLE = Automatic;
				CURRENT_PROJECT_VERSION = 1;
				DEVELOPMENT_TEAM = 3CC86CBQE6;
				GENERATE_INFOPLIST_FILE = YES;
				MACOSX_DEPLOYMENT_TARGET = 26.4;
				MARKETING_VERSION = 1.0;
				PRODUCT_BUNDLE_IDENTIFIER = sh.jor.MacPakonTests;
				PRODUCT_NAME = "$(TARGET_NAME)";
				STRING_CATALOG_GENERATE_SYMBOLS = NO;
				SWIFT_APPROACHABLE_CONCURRENCY = YES;
				SWIFT_EMIT_LOC_STRINGS = NO;
				SWIFT_UPCOMING_FEATURE_MEMBER_IMPORT_VISIBILITY = YES;
				SWIFT_VERSION = 5.0;
				TEST_HOST = "$(BUILT_PRODUCTS_DIR)/MacPakon.app/$(BUNDLE_EXECUTABLE_FOLDER_PATH)/MacPakon";
			};
			name = Release;
		};
		F5D212A52FCCF82000ABCFBC /* Debug */ = {
			isa = XCBuildConfiguration;
			buildSettings = {
				CODE_SIGN_STYLE = Automatic;
				CURRENT_PROJECT_VERSION = 1;
				DEVELOPMENT_TEAM = 3CC86CBQE6;
				GENERATE_INFOPLIST_FILE = YES;
				MARKETING_VERSION = 1.0;
				PRODUCT_BUNDLE_IDENTIFIER = sh.jor.MacPakonUITests;
				PRODUCT_NAME = "$(TARGET_NAME)";
				STRING_CATALOG_GENERATE_SYMBOLS = NO;
				SWIFT_APPROACHABLE_CONCURRENCY = YES;
				SWIFT_EMIT_LOC_STRINGS = NO;
				SWIFT_UPCOMING_FEATURE_MEMBER_IMPORT_VISIBILITY = YES;
				SWIFT_VERSION = 5.0;
				TEST_TARGET_NAME = MacPakon;
			};
			name = Debug;
		};
		F5D212A62FCCF82000ABCFBC /* Release */ = {
			isa = XCBuildConfiguration;
			buildSettings = {
				CODE_SIGN_STYLE = Automatic;
				CURRENT_PROJECT_VERSION = 1;
				DEVELOPMENT_TEAM = 3CC86CBQE6;
				GENERATE_INFOPLIST_FILE = YES;
				MARKETING_VERSION = 1.0;
				PRODUCT_BUNDLE_IDENTIFIER = sh.jor.MacPakonUITests;
				PRODUCT_NAME = "$(TARGET_NAME)";
				STRING_CATALOG_GENERATE_SYMBOLS = NO;
				SWIFT_APPROACHABLE_CONCURRENCY = YES;
				SWIFT_EMIT_LOC_STRINGS = NO;
				SWIFT_UPCOMING_FEATURE_MEMBER_IMPORT_VISIBILITY = YES;
				SWIFT_VERSION = 5.0;
				TEST_TARGET_NAME = MacPakon;
			};
			name = Release;
		};
/* End XCBuildConfiguration section */

/* Begin XCConfigurationList section */
		F5D212762FCCF81E00ABCFBC /* Build configuration list for PBXProject "MacPakon" */ = {
			isa = XCConfigurationList;
			buildConfigurations = (
				F5D2129C2FCCF82000ABCFBC /* Debug */,
				F5D2129D2FCCF82000ABCFBC /* Release */,
			);
			defaultConfigurationIsVisible = 0;
			defaultConfigurationName = Release;
		};
		F5D2129E2FCCF82000ABCFBC /* Build configuration list for PBXNativeTarget "MacPakon" */ = {
			isa = XCConfigurationList;
			buildConfigurations = (
				F5D2129F2FCCF82000ABCFBC /* Debug */,
				F5D212A02FCCF82000ABCFBC /* Release */,
			);
			defaultConfigurationIsVisible = 0;
			defaultConfigurationName = Release;
		};
		F5D212A12FCCF82000ABCFBC /* Build configuration list for PBXNativeTarget "MacPakonTests" */ = {
			isa = XCConfigurationList;
			buildConfigurations = (
				F5D212A22FCCF82000ABCFBC /* Debug */,
				F5D212A32FCCF82000ABCFBC /* Release */,
			);
			defaultConfigurationIsVisible = 0;
			defaultConfigurationName = Release;
		};
		F5D212A42FCCF82000ABCFBC /* Build configuration list for PBXNativeTarget "MacPakonUITests" */ = {
			isa = XCConfigurationList;
			buildConfigurations = (
				F5D212A52FCCF82000ABCFBC /* Debug */,
				F5D212A62FCCF82000ABCFBC /* Release */,
			);
			defaultConfigurationIsVisible = 0;
			defaultConfigurationName = Release;
		};
/* End XCConfigurationList section */
	};
	rootObject = F5D212732FCCF81E00ABCFBC /* Project object */;
}
